
Microsoft Visual Studio Solution File, Format Version 12.00
# Visual Studio Version 17
VisualStudioVersion = 17.12.35527.113 d17.12
MinimumVisualStudioVersion = 10.0.40219.1
Project("{FAE04EC0-301F-11D3-BF4B-00C04F79EFBC}") = "SignalRApi", "SignalRApi\SignalRApi.csproj", "{B1E19387-9A2D-447A-80AB-23A19CFE5967}"
EndProject
Project("{FAE04EC0-301F-11D3-BF4B-00C04F79EFBC}") = "SignalRWebUI", "SignalRWebUI\SignalRWebUI.csproj", "{E8EC9412-253D-4398-80A1-B61C858D0C49}"
EndProject
Project("{FAE04EC0-301F-11D3-BF4B-00C04F79EFBC}") = "SignalR.EntitiyLayer", "SignalR.EntitiyLayer\SignalR.EntitiyLayer.csproj", "{A0E052B1-6112-4BAD-94B7-B6E7744751C4}"
EndProject
Project("{FAE04EC0-301F-11D3-BF4B-00C04F79EFBC}") = "SignalR.DataAccessLayer", "SignalR.DataAccessLayer\SignalR.DataAccessLayer.csproj", "{878112FA-B74E-43D5-BDFD-305DFAB3DD17}"
EndProject
Project("{FAE04EC0-301F-11D3-BF4B-00C04F79EFBC}") = "SignalR.DtoLayer", "SignalR.DtoLayer\SignalR.DtoLayer.csproj", "{21972CF7-44B4-4A9F-8E74-53E5EDCACC24}"
EndProject
Project("{FAE04EC0-301F-11D3-BF4B-00C04F79EFBC}") = "SignalR.BusinessLayer", "SignalR.BusinessLayer\SignalR.BusinessLayer.csproj", "{4143038A-722F-4C46-9783-7F45E95CC0D1}"
EndProject
Global
	GlobalSection(SolutionConfigurationPlatforms) = preSolution
		Debug|Any CPU = Debug|Any CPU
		Release|Any CPU = Release|Any CPU
	EndGlobalSection
	GlobalSection(ProjectConfigurationPlatforms) = postSolution
		{B1E19387-9A2D-447A-80AB-23A19CFE5967}.Debug|Any CPU.ActiveCfg = Debug|Any CPU
		{B1E19387-9A2D-447A-80AB-23A19CFE5967}.Debug|Any CPU.Build.0 = Debug|Any CPU
		{B1E19387-9A2D-447A-80AB-23A19CFE5967}.Release|Any CPU.ActiveCfg = Release|Any CPU
		{B1E19387-9A2D-447A-80AB-23A19CFE5967}.Release|Any CPU.Build.0 = Release|Any CPU
		{E8EC9412-253D-4398-80A1-B61C858D0C49}.Debug|Any CPU.ActiveCfg = Debug|Any CPU
		{E8EC9412-253D-4398-80A1-B61C858D0C49}.Debug|Any CPU.Build.0 = Debug|Any CPU
		{E8EC9412-253D-4398-80A1-B61C858D0C49}.Release|Any CPU.ActiveCfg = Release|Any CPU
		{E8EC9412-253D-4398-80A1-B61C858D0C49}.Release|Any CPU.Build.0 = Release|Any CPU
		{A0E052B1-6112-4BAD-94B7-B6E7744751C4}.Debug|Any CPU.ActiveCfg = Debug|Any CPU
		{A0E052B1-6112-4BAD-94B7-B6E7744751C4}.Debug|Any CPU.Build.0 = Debug|Any CPU
		{A0E052B1-6112-4BAD-94B7-B6E7744751C4}.Release|Any CPU.ActiveCfg = Release|Any CPU
		{A0E052B1-6112-4BAD-94B7-B6E7744751C4}.Release|Any CPU.Build.0 = Release|Any CPU
		{878112FA-B74E-43D5-BDFD-305DFAB3DD17}.Debug|Any CPU.ActiveCfg = Debug|Any CPU
		{878112FA-B74E-43D5-BDFD-305DFAB3DD17}.Debug|Any CPU.Build.0 = Debug|Any CPU
		{878112FA-B74E-43D5-BDFD-305DFAB3DD17}.Release|Any CPU.ActiveCfg = Release|Any CPU
		{878112FA-B74E-43D5-BDFD-305DFAB3DD17}.Release|Any CPU.Build.0 = Release|Any CPU
		{21972CF7-44B4-4A9F-8E74-53E5EDCACC24}.Debug|Any CPU.ActiveCfg = Debug|Any CPU
		{21972CF7-44B4-4A9F-8E74-53E5EDCACC24}.Debug|Any CPU.Build.0 = Debug|Any CPU
		{21972CF7-44B4-4A9F-8E74-53E5EDCACC24}.Release|Any CPU.ActiveCfg = Release|Any CPU
		{21972CF7-44B4-4A9F-8E74-53E5EDCACC24}.Release|Any CPU.Build.0 = Release|Any CPU
		{4143038A-722F-4C46-9783-7F45E95CC0D1}.Debug|Any CPU.ActiveCfg = Debug|Any CPU
		{4143038A-722F-4C46-9783-7F45E95CC0D1}.Debug|Any CPU.Build.0 = Debug|Any CPU
		{4143038A-722F-4C46-9783-7F45E95CC0D1}.Release|Any CPU.ActiveCfg = Release|Any CPU
		{4143038A-722F-4C46-9783-7F45E95CC0D1}.Release|Any CPU.Build.0 = Release|Any CPU
	EndGlobalSection
	GlobalSection(SolutionProperties) = preSolution
		HideSolutionNode = FALSE
	EndGlobalSection
EndGlobal
